
Microsoft Visual Studio Solution File, Format Version 12.00
# Visual Studio Version 17
VisualStudioVersion = 17.0.31903.59
MinimumVisualStudioVersion = 10.0.40219.1
Project("{FAE04EC0-301F-11D3-BF4B-00C04F79EFBC}") = "Demo1", "Demo1\Demo1.csproj", "{1A00613D-3668-46CB-B7C8-5BD47B59BF00}"
EndProject
Project("{FAE04EC0-301F-11D3-BF4B-00C04F79EFBC}") = "Demo2", "Demo2\Demo2.csproj", "{6AF28BC3-3570-4B9D-81AA-7EF559DC7A05}"
EndProject
Project("{FAE04EC0-301F-11D3-BF4B-00C04F79EFBC}") = "Demo1B", "Demo1B\Demo1B.csproj", "{DAAE54C8-1139-4B96-A453-8F7DAC73CD71}"
EndProject
Project("{FAE04EC0-301F-11D3-BF4B-00C04F79EFBC}") = "Demo3", "Demo3\Demo3.csproj", "{851DE3BF-7E0E-4DDD-B35B-7B0C29E324A6}"
EndProject
Global
	GlobalSection(SolutionConfigurationPlatforms) = preSolution
		Debug|Any CPU = Debug|Any CPU
		Debug|x64 = Debug|x64
		Debug|x86 = Debug|x86
		Release|Any CPU = Release|Any CPU
		Release|x64 = Release|x64
		Release|x86 = Release|x86
	EndGlobalSection
	GlobalSection(ProjectConfigurationPlatforms) = postSolution
		{1A00613D-3668-46CB-B7C8-5BD47B59BF00}.Debug|Any CPU.ActiveCfg = Debug|Any CPU
		{1A00613D-3668-46CB-B7C8-5BD47B59BF00}.Debug|Any CPU.Build.0 = Debug|Any CPU
		{1A00613D-3668-46CB-B7C8-5BD47B59BF00}.Debug|x64.ActiveCfg = Debug|Any CPU
		{1A00613D-3668-46CB-B7C8-5BD47B59BF00}.Debug|x64.Build.0 = Debug|Any CPU
		{1A00613D-3668-46CB-B7C8-5BD47B59BF00}.Debug|x86.ActiveCfg = Debug|Any CPU
		{1A00613D-3668-46CB-B7C8-5BD47B59BF00}.Debug|x86.Build.0 = Debug|Any CPU
		{1A00613D-3668-46CB-B7C8-5BD47B59BF00}.Release|Any CPU.ActiveCfg = Release|Any CPU
		{1A00613D-3668-46CB-B7C8-5BD47B59BF00}.Release|Any CPU.Build.0 = Release|Any CPU
		{1A00613D-3668-46CB-B7C8-5BD47B59BF00}.Release|x64.ActiveCfg = Release|Any CPU
		{1A00613D-3668-46CB-B7C8-5BD47B59BF00}.Release|x64.Build.0 = Release|Any CPU
		{1A00613D-3668-46CB-B7C8-5BD47B59BF00}.Release|x86.ActiveCfg = Release|Any CPU
		{1A00613D-3668-46CB-B7C8-5BD47B59BF00}.Release|x86.Build.0 = Release|Any CPU
		{6AF28BC3-3570-4B9D-81AA-7EF559DC7A05}.Debug|Any CPU.ActiveCfg = Debug|Any CPU
		{6AF28BC3-3570-4B9D-81AA-7EF559DC7A05}.Debug|Any CPU.Build.0 = Debug|Any CPU
		{6AF28BC3-3570-4B9D-81AA-7EF559DC7A05}.Debug|x64.ActiveCfg = Debug|Any CPU
		{6AF28BC3-3570-4B9D-81AA-7EF559DC7A05}.Debug|x64.Build.0 = Debug|Any CPU
		{6AF28BC3-3570-4B9D-81AA-7EF559DC7A05}.Debug|x86.ActiveCfg = Debug|Any CPU
		{6AF28BC3-3570-4B9D-81AA-7EF559DC7A05}.Debug|x86.Build.0 = Debug|Any CPU
		{6AF28BC3-3570-4B9D-81AA-7EF559DC7A05}.Release|Any CPU.ActiveCfg = Release|Any CPU
		{6AF28BC3-3570-4B9D-81AA-7EF559DC7A05}.Release|Any CPU.Build.0 = Release|Any CPU
		{6AF28BC3-3570-4B9D-81AA-7EF559DC7A05}.Release|x64.ActiveCfg = Release|Any CPU
		{6AF28BC3-3570-4B9D-81AA-7EF559DC7A05}.Release|x64.Build.0 = Release|Any CPU
		{6AF28BC3-3570-4B9D-81AA-7EF559DC7A05}.Release|x86.ActiveCfg = Release|Any CPU
		{6AF28BC3-3570-4B9D-81AA-7EF559DC7A05}.Release|x86.Build.0 = Release|Any CPU
		{DAAE54C8-1139-4B96-A453-8F7DAC73CD71}.Debug|Any CPU.ActiveCfg = Debug|Any CPU
		{DAAE54C8-1139-4B96-A453-8F7DAC73CD71}.Debug|Any CPU.Build.0 = Debug|Any CPU
		{DAAE54C8-1139-4B96-A453-8F7DAC73CD71}.Debug|x64.ActiveCfg = Debug|Any CPU
		{DAAE54C8-1139-4B96-A453-8F7DAC73CD71}.Debug|x64.Build.0 = Debug|Any CPU
		{DAAE54C8-1139-4B96-A453-8F7DAC73CD71}.Debug|x86.ActiveCfg = Debug|Any CPU
		{DAAE54C8-1139-4B96-A453-8F7DAC73CD71}.Debug|x86.Build.0 = Debug|Any CPU
		{DAAE54C8-1139-4B96-A453-8F7DAC73CD71}.Release|Any CPU.ActiveCfg = Release|Any CPU
		{DAAE54C8-1139-4B96-A453-8F7DAC73CD71}.Release|Any CPU.Build.0 = Release|Any CPU
		{DAAE54C8-1139-4B96-A453-8F7DAC73CD71}.Release|x64.ActiveCfg = Release|Any CPU
		{DAAE54C8-1139-4B96-A453-8F7DAC73CD71}.Release|x64.Build.0 = Release|Any CPU
		{DAAE54C8-1139-4B96-A453-8F7DAC73CD71}.Release|x86.ActiveCfg = Release|Any CPU
		{DAAE54C8-1139-4B96-A453-8F7DAC73CD71}.Release|x86.Build.0 = Release|Any CPU
		{851DE3BF-7E0E-4DDD-B35B-7B0C29E324A6}.Debug|Any CPU.ActiveCfg = Debug|Any CPU
		{851DE3BF-7E0E-4DDD-B35B-7B0C29E324A6}.Debug|Any CPU.Build.0 = Debug|Any CPU
		{851DE3BF-7E0E-4DDD-B35B-7B0C29E324A6}.Debug|x64.ActiveCfg = Debug|Any CPU
		{851DE3BF-7E0E-4DDD-B35B-7B0C29E324A6}.Debug|x64.Build.0 = Debug|Any CPU
		{851DE3BF-7E0E-4DDD-B35B-7B0C29E324A6}.Debug|x86.ActiveCfg = Debug|Any CPU
		{851DE3BF-7E0E-4DDD-B35B-7B0C29E324A6}.Debug|x86.Build.0 = Debug|Any CPU
		{851DE3BF-7E0E-4DDD-B35B-7B0C29E324A6}.Release|Any CPU.ActiveCfg = Release|Any CPU
		{851DE3BF-7E0E-4DDD-B35B-7B0C29E324A6}.Release|Any CPU.Build.0 = Release|Any CPU
		{851DE3BF-7E0E-4DDD-B35B-7B0C29E324A6}.Release|x64.ActiveCfg = Release|Any CPU
		{851DE3BF-7E0E-4DDD-B35B-7B0C29E324A6}.Release|x64.Build.0 = Release|Any CPU
		{851DE3BF-7E0E-4DDD-B35B-7B0C29E324A6}.Release|x86.ActiveCfg = Release|Any CPU
		{851DE3BF-7E0E-4DDD-B35B-7B0C29E324A6}.Release|x86.Build.0 = Release|Any CPU
	EndGlobalSection
	GlobalSection(SolutionProperties) = preSolution
		HideSolutionNode = FALSE
	EndGlobalSection
	GlobalSection(ExtensibilityGlobals) = postSolution
		SolutionGuid = {B3934A11-A95B-4764-82A5-AE86A495FABC}
	EndGlobalSection
EndGlobal
