
Microsoft Visual Studio Solution File, Format Version 12.00
# Visual Studio 2013
VisualStudioVersion = 12.0.31101.0
MinimumVisualStudioVersion = 10.0.40219.1
Project("{FAE04EC0-301F-11D3-BF4B-00C04F79EFBC}") = "AsyncPlayground", "AsyncPlayground\AsyncPlayground.csproj", "{EB2A5F00-CBDE-4D37-A07B-872BC4D8653A}"
EndProject
Global
	GlobalSection(SolutionConfigurationPlatforms) = preSolution
		Debug|Any CPU = Debug|Any CPU
		Release|Any CPU = Release|Any CPU
	EndGlobalSection
	GlobalSection(ProjectConfigurationPlatforms) = postSolution
		{EB2A5F00-CBDE-4D37-A07B-872BC4D8653A}.Debug|Any CPU.ActiveCfg = Debug|Any CPU
		{EB2A5F00-CBDE-4D37-A07B-872BC4D8653A}.Debug|Any CPU.Build.0 = Debug|Any CPU
		{EB2A5F00-CBDE-4D37-A07B-872BC4D8653A}.Release|Any CPU.ActiveCfg = Release|Any CPU
		{EB2A5F00-CBDE-4D37-A07B-872BC4D8653A}.Release|Any CPU.Build.0 = Release|Any CPU
	EndGlobalSection
	GlobalSection(SolutionProperties) = preSolution
		HideSolutionNode = FALSE
	EndGlobalSection
EndGlobal
