
Microsoft Visual Studio Solution File, Format Version 12.00
# Visual Studio Version 17
VisualStudioVersion = 17.10.34928.147
MinimumVisualStudioVersion = 10.0.40219.1
Project("{FAE04EC0-301F-11D3-BF4B-00C04F79EFBC}") = "WebApi", "WebApi\WebApi.csproj", "{30D3970D-97AC-4D5E-A47D-5F4509AFCD53}"
EndProject
Project("{FAE04EC0-301F-11D3-BF4B-00C04F79EFBC}") = "AspireServiceDefaults", "AspireServiceDefaults\AspireServiceDefaults.csproj", "{B10C68A4-1C21-4ABF-AA04-6EC3917AF6D0}"
EndProject
Global
	GlobalSection(SolutionConfigurationPlatforms) = preSolution
		Debug|Any CPU = Debug|Any CPU
		Release|Any CPU = Release|Any CPU
	EndGlobalSection
	GlobalSection(ProjectConfigurationPlatforms) = postSolution
		{30D3970D-97AC-4D5E-A47D-5F4509AFCD53}.Debug|Any CPU.ActiveCfg = Debug|Any CPU
		{30D3970D-97AC-4D5E-A47D-5F4509AFCD53}.Debug|Any CPU.Build.0 = Debug|Any CPU
		{30D3970D-97AC-4D5E-A47D-5F4509AFCD53}.Release|Any CPU.ActiveCfg = Release|Any CPU
		{30D3970D-97AC-4D5E-A47D-5F4509AFCD53}.Release|Any CPU.Build.0 = Release|Any CPU
		{B10C68A4-1C21-4ABF-AA04-6EC3917AF6D0}.Debug|Any CPU.ActiveCfg = Debug|Any CPU
		{B10C68A4-1C21-4ABF-AA04-6EC3917AF6D0}.Debug|Any CPU.Build.0 = Debug|Any CPU
		{B10C68A4-1C21-4ABF-AA04-6EC3917AF6D0}.Release|Any CPU.ActiveCfg = Release|Any CPU
		{B10C68A4-1C21-4ABF-AA04-6EC3917AF6D0}.Release|Any CPU.Build.0 = Release|Any CPU
	EndGlobalSection
	GlobalSection(SolutionProperties) = preSolution
		HideSolutionNode = FALSE
	EndGlobalSection
	GlobalSection(ExtensibilityGlobals) = postSolution
		SolutionGuid = {8140776F-F70C-415C-ADC0-184E274AC584}
	EndGlobalSection
EndGlobal
