
Microsoft Visual Studio Solution File, Format Version 12.00
# Visual Studio Version 16
VisualStudioVersion = 16.0.29123.89
MinimumVisualStudioVersion = 10.0.40219.1
Project("{FAE04EC0-301F-11D3-BF4B-00C04F79EFBC}") = "Demos", "Demos.csproj", "{FC78C6DD-0BEA-4F66-8167-887DA2E60981}"
EndProject
Global
	GlobalSection(SolutionConfigurationPlatforms) = preSolution
		Debug|Any CPU = Debug|Any CPU
		Release|Any CPU = Release|Any CPU
	EndGlobalSection
	GlobalSection(ProjectConfigurationPlatforms) = postSolution
		{FC78C6DD-0BEA-4F66-8167-887DA2E60981}.Debug|Any CPU.ActiveCfg = Debug|Any CPU
		{FC78C6DD-0BEA-4F66-8167-887DA2E60981}.Debug|Any CPU.Build.0 = Debug|Any CPU
		{FC78C6DD-0BEA-4F66-8167-887DA2E60981}.Release|Any CPU.ActiveCfg = Release|Any CPU
		{FC78C6DD-0BEA-4F66-8167-887DA2E60981}.Release|Any CPU.Build.0 = Release|Any CPU
	EndGlobalSection
	GlobalSection(SolutionProperties) = preSolution
		HideSolutionNode = FALSE
	EndGlobalSection
	GlobalSection(ExtensibilityGlobals) = postSolution
		SolutionGuid = {18EE97E2-0729-48C4-A29A-B686E9434E66}
	EndGlobalSection
EndGlobal
