
Microsoft Visual Studio Solution File, Format Version 12.00
# Visual Studio 2012
Project("{FAE04EC0-301F-11D3-BF4B-00C04F79EFBC}") = "01 - AsyncLazy", "01 - AsyncLazy\01 - AsyncLazy.csproj", "{842AD643-6787-4EA2-90B3-136205B1A93B}"
EndProject
Global
	GlobalSection(SolutionConfigurationPlatforms) = preSolution
		Debug|Any CPU = Debug|Any CPU
		Release|Any CPU = Release|Any CPU
	EndGlobalSection
	GlobalSection(ProjectConfigurationPlatforms) = postSolution
		{842AD643-6787-4EA2-90B3-136205B1A93B}.Debug|Any CPU.ActiveCfg = Debug|Any CPU
		{842AD643-6787-4EA2-90B3-136205B1A93B}.Debug|Any CPU.Build.0 = Debug|Any CPU
		{842AD643-6787-4EA2-90B3-136205B1A93B}.Release|Any CPU.ActiveCfg = Release|Any CPU
		{842AD643-6787-4EA2-90B3-136205B1A93B}.Release|Any CPU.Build.0 = Release|Any CPU
	EndGlobalSection
	GlobalSection(SolutionProperties) = preSolution
		HideSolutionNode = FALSE
	EndGlobalSection
EndGlobal
