
Microsoft Visual Studio Solution File, Format Version 12.00
# Visual Studio 2013
VisualStudioVersion = 12.0.31101.0
MinimumVisualStudioVersion = 10.0.40219.1
Project("{FAE04EC0-301F-11D3-BF4B-00C04F79EFBC}") = "1 IncorrectlyPassingUnitTest", "IncorrectlyPassingUnitTest\1 IncorrectlyPassingUnitTest.csproj", "{C8CE1F0D-8988-467D-91E1-F224A497D5EA}"
EndProject
Project("{FAE04EC0-301F-11D3-BF4B-00C04F79EFBC}") = "SystemUnderTest", "SystemUnderTest\SystemUnderTest.csproj", "{739042E5-8087-4D7B-8B37-72D942C475DA}"
EndProject
Project("{FAE04EC0-301F-11D3-BF4B-00C04F79EFBC}") = "AsyncTestHelpers", "AsyncTestHelpers\AsyncTestHelpers.csproj", "{5EBF8F89-F627-477C-BE47-02F7AFA4E23A}"
EndProject
Project("{FAE04EC0-301F-11D3-BF4B-00C04F79EFBC}") = "2 ExceptionalSituations", "ExceptionalSituations\2 ExceptionalSituations.csproj", "{B8815D82-F222-4EC2-A603-A0AA6BCA57C8}"
EndProject
Project("{FAE04EC0-301F-11D3-BF4B-00C04F79EFBC}") = "3 AsyncMocks", "AsyncMocks\3 AsyncMocks.csproj", "{EAE0D921-000F-48D4-9C12-184836706291}"
EndProject
Project("{FAE04EC0-301F-11D3-BF4B-00C04F79EFBC}") = "4 ABitMoreRealWorld", "ABitMoreRealWorld\4 ABitMoreRealWorld.csproj", "{A44B1356-9598-42EB-8429-24D8EA329B93}"
EndProject
Project("{FAE04EC0-301F-11D3-BF4B-00C04F79EFBC}") = "5 ReallyMSStoreAppsReally", "ReallyMSStoreAppsReally\5 ReallyMSStoreAppsReally.csproj", "{957B1FF0-E794-4F1F-93DA-5D5462D15ACB}"
EndProject
Global
	GlobalSection(SolutionConfigurationPlatforms) = preSolution
		Debug|Any CPU = Debug|Any CPU
		Debug|ARM = Debug|ARM
		Debug|x64 = Debug|x64
		Debug|x86 = Debug|x86
		Release|Any CPU = Release|Any CPU
		Release|ARM = Release|ARM
		Release|x64 = Release|x64
		Release|x86 = Release|x86
	EndGlobalSection
	GlobalSection(ProjectConfigurationPlatforms) = postSolution
		{C8CE1F0D-8988-467D-91E1-F224A497D5EA}.Debug|Any CPU.ActiveCfg = Debug|Any CPU
		{C8CE1F0D-8988-467D-91E1-F224A497D5EA}.Debug|Any CPU.Build.0 = Debug|Any CPU
		{C8CE1F0D-8988-467D-91E1-F224A497D5EA}.Debug|ARM.ActiveCfg = Debug|Any CPU
		{C8CE1F0D-8988-467D-91E1-F224A497D5EA}.Debug|x64.ActiveCfg = Debug|Any CPU
		{C8CE1F0D-8988-467D-91E1-F224A497D5EA}.Debug|x86.ActiveCfg = Debug|Any CPU
		{C8CE1F0D-8988-467D-91E1-F224A497D5EA}.Release|Any CPU.ActiveCfg = Release|Any CPU
		{C8CE1F0D-8988-467D-91E1-F224A497D5EA}.Release|Any CPU.Build.0 = Release|Any CPU
		{C8CE1F0D-8988-467D-91E1-F224A497D5EA}.Release|ARM.ActiveCfg = Release|Any CPU
		{C8CE1F0D-8988-467D-91E1-F224A497D5EA}.Release|x64.ActiveCfg = Release|Any CPU
		{C8CE1F0D-8988-467D-91E1-F224A497D5EA}.Release|x86.ActiveCfg = Release|Any CPU
		{739042E5-8087-4D7B-8B37-72D942C475DA}.Debug|Any CPU.ActiveCfg = Debug|Any CPU
		{739042E5-8087-4D7B-8B37-72D942C475DA}.Debug|Any CPU.Build.0 = Debug|Any CPU
		{739042E5-8087-4D7B-8B37-72D942C475DA}.Debug|ARM.ActiveCfg = Debug|Any CPU
		{739042E5-8087-4D7B-8B37-72D942C475DA}.Debug|x64.ActiveCfg = Debug|Any CPU
		{739042E5-8087-4D7B-8B37-72D942C475DA}.Debug|x86.ActiveCfg = Debug|Any CPU
		{739042E5-8087-4D7B-8B37-72D942C475DA}.Release|Any CPU.ActiveCfg = Release|Any CPU
		{739042E5-8087-4D7B-8B37-72D942C475DA}.Release|Any CPU.Build.0 = Release|Any CPU
		{739042E5-8087-4D7B-8B37-72D942C475DA}.Release|ARM.ActiveCfg = Release|Any CPU
		{739042E5-8087-4D7B-8B37-72D942C475DA}.Release|x64.ActiveCfg = Release|Any CPU
		{739042E5-8087-4D7B-8B37-72D942C475DA}.Release|x86.ActiveCfg = Release|Any CPU
		{5EBF8F89-F627-477C-BE47-02F7AFA4E23A}.Debug|Any CPU.ActiveCfg = Debug|Any CPU
		{5EBF8F89-F627-477C-BE47-02F7AFA4E23A}.Debug|Any CPU.Build.0 = Debug|Any CPU
		{5EBF8F89-F627-477C-BE47-02F7AFA4E23A}.Debug|ARM.ActiveCfg = Debug|Any CPU
		{5EBF8F89-F627-477C-BE47-02F7AFA4E23A}.Debug|x64.ActiveCfg = Debug|Any CPU
		{5EBF8F89-F627-477C-BE47-02F7AFA4E23A}.Debug|x86.ActiveCfg = Debug|Any CPU
		{5EBF8F89-F627-477C-BE47-02F7AFA4E23A}.Release|Any CPU.ActiveCfg = Release|Any CPU
		{5EBF8F89-F627-477C-BE47-02F7AFA4E23A}.Release|Any CPU.Build.0 = Release|Any CPU
		{5EBF8F89-F627-477C-BE47-02F7AFA4E23A}.Release|ARM.ActiveCfg = Release|Any CPU
		{5EBF8F89-F627-477C-BE47-02F7AFA4E23A}.Release|x64.ActiveCfg = Release|Any CPU
		{5EBF8F89-F627-477C-BE47-02F7AFA4E23A}.Release|x86.ActiveCfg = Release|Any CPU
		{B8815D82-F222-4EC2-A603-A0AA6BCA57C8}.Debug|Any CPU.ActiveCfg = Debug|Any CPU
		{B8815D82-F222-4EC2-A603-A0AA6BCA57C8}.Debug|Any CPU.Build.0 = Debug|Any CPU
		{B8815D82-F222-4EC2-A603-A0AA6BCA57C8}.Debug|ARM.ActiveCfg = Debug|Any CPU
		{B8815D82-F222-4EC2-A603-A0AA6BCA57C8}.Debug|x64.ActiveCfg = Debug|Any CPU
		{B8815D82-F222-4EC2-A603-A0AA6BCA57C8}.Debug|x86.ActiveCfg = Debug|Any CPU
		{B8815D82-F222-4EC2-A603-A0AA6BCA57C8}.Release|Any CPU.ActiveCfg = Release|Any CPU
		{B8815D82-F222-4EC2-A603-A0AA6BCA57C8}.Release|Any CPU.Build.0 = Release|Any CPU
		{B8815D82-F222-4EC2-A603-A0AA6BCA57C8}.Release|ARM.ActiveCfg = Release|Any CPU
		{B8815D82-F222-4EC2-A603-A0AA6BCA57C8}.Release|x64.ActiveCfg = Release|Any CPU
		{B8815D82-F222-4EC2-A603-A0AA6BCA57C8}.Release|x86.ActiveCfg = Release|Any CPU
		{EAE0D921-000F-48D4-9C12-184836706291}.Debug|Any CPU.ActiveCfg = Debug|Any CPU
		{EAE0D921-000F-48D4-9C12-184836706291}.Debug|Any CPU.Build.0 = Debug|Any CPU
		{EAE0D921-000F-48D4-9C12-184836706291}.Debug|ARM.ActiveCfg = Debug|Any CPU
		{EAE0D921-000F-48D4-9C12-184836706291}.Debug|x64.ActiveCfg = Debug|Any CPU
		{EAE0D921-000F-48D4-9C12-184836706291}.Debug|x86.ActiveCfg = Debug|Any CPU
		{EAE0D921-000F-48D4-9C12-184836706291}.Release|Any CPU.ActiveCfg = Release|Any CPU
		{EAE0D921-000F-48D4-9C12-184836706291}.Release|Any CPU.Build.0 = Release|Any CPU
		{EAE0D921-000F-48D4-9C12-184836706291}.Release|ARM.ActiveCfg = Release|Any CPU
		{EAE0D921-000F-48D4-9C12-184836706291}.Release|x64.ActiveCfg = Release|Any CPU
		{EAE0D921-000F-48D4-9C12-184836706291}.Release|x86.ActiveCfg = Release|Any CPU
		{A44B1356-9598-42EB-8429-24D8EA329B93}.Debug|Any CPU.ActiveCfg = Debug|Any CPU
		{A44B1356-9598-42EB-8429-24D8EA329B93}.Debug|Any CPU.Build.0 = Debug|Any CPU
		{A44B1356-9598-42EB-8429-24D8EA329B93}.Debug|ARM.ActiveCfg = Debug|Any CPU
		{A44B1356-9598-42EB-8429-24D8EA329B93}.Debug|x64.ActiveCfg = Debug|Any CPU
		{A44B1356-9598-42EB-8429-24D8EA329B93}.Debug|x86.ActiveCfg = Debug|Any CPU
		{A44B1356-9598-42EB-8429-24D8EA329B93}.Release|Any CPU.ActiveCfg = Release|Any CPU
		{A44B1356-9598-42EB-8429-24D8EA329B93}.Release|Any CPU.Build.0 = Release|Any CPU
		{A44B1356-9598-42EB-8429-24D8EA329B93}.Release|ARM.ActiveCfg = Release|Any CPU
		{A44B1356-9598-42EB-8429-24D8EA329B93}.Release|x64.ActiveCfg = Release|Any CPU
		{A44B1356-9598-42EB-8429-24D8EA329B93}.Release|x86.ActiveCfg = Release|Any CPU
		{957B1FF0-E794-4F1F-93DA-5D5462D15ACB}.Debug|Any CPU.ActiveCfg = Debug|Any CPU
		{957B1FF0-E794-4F1F-93DA-5D5462D15ACB}.Debug|Any CPU.Build.0 = Debug|Any CPU
		{957B1FF0-E794-4F1F-93DA-5D5462D15ACB}.Debug|Any CPU.Deploy.0 = Debug|Any CPU
		{957B1FF0-E794-4F1F-93DA-5D5462D15ACB}.Debug|ARM.ActiveCfg = Debug|ARM
		{957B1FF0-E794-4F1F-93DA-5D5462D15ACB}.Debug|ARM.Build.0 = Debug|ARM
		{957B1FF0-E794-4F1F-93DA-5D5462D15ACB}.Debug|ARM.Deploy.0 = Debug|ARM
		{957B1FF0-E794-4F1F-93DA-5D5462D15ACB}.Debug|x64.ActiveCfg = Debug|x64
		{957B1FF0-E794-4F1F-93DA-5D5462D15ACB}.Debug|x64.Build.0 = Debug|x64
		{957B1FF0-E794-4F1F-93DA-5D5462D15ACB}.Debug|x64.Deploy.0 = Debug|x64
		{957B1FF0-E794-4F1F-93DA-5D5462D15ACB}.Debug|x86.ActiveCfg = Debug|x86
		{957B1FF0-E794-4F1F-93DA-5D5462D15ACB}.Debug|x86.Build.0 = Debug|x86
		{957B1FF0-E794-4F1F-93DA-5D5462D15ACB}.Debug|x86.Deploy.0 = Debug|x86
		{957B1FF0-E794-4F1F-93DA-5D5462D15ACB}.Release|Any CPU.ActiveCfg = Release|Any CPU
		{957B1FF0-E794-4F1F-93DA-5D5462D15ACB}.Release|Any CPU.Build.0 = Release|Any CPU
		{957B1FF0-E794-4F1F-93DA-5D5462D15ACB}.Release|Any CPU.Deploy.0 = Release|Any CPU
		{957B1FF0-E794-4F1F-93DA-5D5462D15ACB}.Release|ARM.ActiveCfg = Release|ARM
		{957B1FF0-E794-4F1F-93DA-5D5462D15ACB}.Release|ARM.Build.0 = Release|ARM
		{957B1FF0-E794-4F1F-93DA-5D5462D15ACB}.Release|ARM.Deploy.0 = Release|ARM
		{957B1FF0-E794-4F1F-93DA-5D5462D15ACB}.Release|x64.ActiveCfg = Release|x64
		{957B1FF0-E794-4F1F-93DA-5D5462D15ACB}.Release|x64.Build.0 = Release|x64
		{957B1FF0-E794-4F1F-93DA-5D5462D15ACB}.Release|x64.Deploy.0 = Release|x64
		{957B1FF0-E794-4F1F-93DA-5D5462D15ACB}.Release|x86.ActiveCfg = Release|x86
		{957B1FF0-E794-4F1F-93DA-5D5462D15ACB}.Release|x86.Build.0 = Release|x86
		{957B1FF0-E794-4F1F-93DA-5D5462D15ACB}.Release|x86.Deploy.0 = Release|x86
	EndGlobalSection
	GlobalSection(SolutionProperties) = preSolution
		HideSolutionNode = FALSE
	EndGlobalSection
EndGlobal
