
Microsoft Visual Studio Solution File, Format Version 12.00
# Visual Studio Version 16
VisualStudioVersion = 16.0.30517.126
MinimumVisualStudioVersion = 10.0.40219.1
Project("{FAE04EC0-301F-11D3-BF4B-00C04F79EFBC}") = "SampleCode", "SampleCode\SampleCode.csproj", "{A130A699-F60B-4AE8-BCA8-0FDAA9058E89}"
EndProject
Global
	GlobalSection(SolutionConfigurationPlatforms) = preSolution
		Debug|Any CPU = Debug|Any CPU
		Release|Any CPU = Release|Any CPU
	EndGlobalSection
	GlobalSection(ProjectConfigurationPlatforms) = postSolution
		{A130A699-F60B-4AE8-BCA8-0FDAA9058E89}.Debug|Any CPU.ActiveCfg = Debug|Any CPU
		{A130A699-F60B-4AE8-BCA8-0FDAA9058E89}.Debug|Any CPU.Build.0 = Debug|Any CPU
		{A130A699-F60B-4AE8-BCA8-0FDAA9058E89}.Release|Any CPU.ActiveCfg = Release|Any CPU
		{A130A699-F60B-4AE8-BCA8-0FDAA9058E89}.Release|Any CPU.Build.0 = Release|Any CPU
	EndGlobalSection
	GlobalSection(SolutionProperties) = preSolution
		HideSolutionNode = FALSE
	EndGlobalSection
	GlobalSection(ExtensibilityGlobals) = postSolution
		SolutionGuid = {A71C2784-16DF-4BD4-9A3F-C6E788DFF817}
	EndGlobalSection
EndGlobal
