
Microsoft Visual Studio Solution File, Format Version 12.00
# Visual Studio Version 16
VisualStudioVersion = 16.0.29123.89
MinimumVisualStudioVersion = 10.0.40219.1
Project("{9A19103F-16F7-4668-BE54-9A1E7A4F7556}") = "PagingApiServer", "PagingApiServer.csproj", "{8F1CF5BE-1BB0-4F41-8B11-E2FDA9FA5F61}"
EndProject
Global
	GlobalSection(SolutionConfigurationPlatforms) = preSolution
		Debug|Any CPU = Debug|Any CPU
		Release|Any CPU = Release|Any CPU
	EndGlobalSection
	GlobalSection(ProjectConfigurationPlatforms) = postSolution
		{8F1CF5BE-1BB0-4F41-8B11-E2FDA9FA5F61}.Debug|Any CPU.ActiveCfg = Debug|Any CPU
		{8F1CF5BE-1BB0-4F41-8B11-E2FDA9FA5F61}.Debug|Any CPU.Build.0 = Debug|Any CPU
		{8F1CF5BE-1BB0-4F41-8B11-E2FDA9FA5F61}.Release|Any CPU.ActiveCfg = Release|Any CPU
		{8F1CF5BE-1BB0-4F41-8B11-E2FDA9FA5F61}.Release|Any CPU.Build.0 = Release|Any CPU
	EndGlobalSection
	GlobalSection(SolutionProperties) = preSolution
		HideSolutionNode = FALSE
	EndGlobalSection
	GlobalSection(ExtensibilityGlobals) = postSolution
		SolutionGuid = {043D2E93-0E12-476F-8B06-1952A9853BE0}
	EndGlobalSection
EndGlobal
